
Microsoft Visual Studio Solution File, Format Version 12.00
# Visual Studio 15
VisualStudioVersion = 15.0.27004.2009
MinimumVisualStudioVersion = 10.0.40219.1
Project("{FAE04EC0-301F-11D3-BF4B-00C04F79EFBC}") = "DataBindingSample", "DataBindingSample\DataBindingSample.csproj", "{331F0AB6-4D06-4623-B16C-4978EB02446F}"
EndProject
Project("{FAE04EC0-301F-11D3-BF4B-00C04F79EFBC}") = "ChangeNotificationSample", "ChangeNotificationSample\ChangeNotificationSample.csproj", "{A44C6E52-C769-4C11-B127-48D0243A623F}"
EndProject
Project("{FAE04EC0-301F-11D3-BF4B-00C04F79EFBC}") = "ValueConverterSample", "ValueConverterSample\ValueConverterSample.csproj", "{440E1314-C064-4FC0-A8DD-D80C3986A83E}"
EndProject
Project("{FAE04EC0-301F-11D3-BF4B-00C04F79EFBC}") = "StringFormatSample", "StringFormatSample\StringFormatSample.csproj", "{59D0375D-9FB9-41E3-9EF1-550E8D3E7747}"
EndProject
Project("{FAE04EC0-301F-11D3-BF4B-00C04F79EFBC}") = "DataBindingDebuging", "DataBindingDebuging\DataBindingDebuging.csproj", "{653A8BD9-C4D4-4791-B279-1A2838FE3FBA}"
EndProject
Project("{FAE04EC0-301F-11D3-BF4B-00C04F79EFBC}") = "DataContextSample", "DataContextSample\DataContextSample.csproj", "{C92234B1-9AA8-43E9-93E3-A94A2749271F}"
EndProject
Global
	GlobalSection(SolutionConfigurationPlatforms) = preSolution
		Debug|Any CPU = Debug|Any CPU
		Release|Any CPU = Release|Any CPU
	EndGlobalSection
	GlobalSection(ProjectConfigurationPlatforms) = postSolution
		{331F0AB6-4D06-4623-B16C-4978EB02446F}.Debug|Any CPU.ActiveCfg = Debug|Any CPU
		{331F0AB6-4D06-4623-B16C-4978EB02446F}.Debug|Any CPU.Build.0 = Debug|Any CPU
		{331F0AB6-4D06-4623-B16C-4978EB02446F}.Release|Any CPU.ActiveCfg = Release|Any CPU
		{331F0AB6-4D06-4623-B16C-4978EB02446F}.Release|Any CPU.Build.0 = Release|Any CPU
		{A44C6E52-C769-4C11-B127-48D0243A623F}.Debug|Any CPU.ActiveCfg = Debug|Any CPU
		{A44C6E52-C769-4C11-B127-48D0243A623F}.Debug|Any CPU.Build.0 = Debug|Any CPU
		{A44C6E52-C769-4C11-B127-48D0243A623F}.Release|Any CPU.ActiveCfg = Release|Any CPU
		{A44C6E52-C769-4C11-B127-48D0243A623F}.Release|Any CPU.Build.0 = Release|Any CPU
		{440E1314-C064-4FC0-A8DD-D80C3986A83E}.Debug|Any CPU.ActiveCfg = Debug|Any CPU
		{440E1314-C064-4FC0-A8DD-D80C3986A83E}.Debug|Any CPU.Build.0 = Debug|Any CPU
		{440E1314-C064-4FC0-A8DD-D80C3986A83E}.Release|Any CPU.ActiveCfg = Release|Any CPU
		{440E1314-C064-4FC0-A8DD-D80C3986A83E}.Release|Any CPU.Build.0 = Release|Any CPU
		{59D0375D-9FB9-41E3-9EF1-550E8D3E7747}.Debug|Any CPU.ActiveCfg = Debug|Any CPU
		{59D0375D-9FB9-41E3-9EF1-550E8D3E7747}.Debug|Any CPU.Build.0 = Debug|Any CPU
		{59D0375D-9FB9-41E3-9EF1-550E8D3E7747}.Release|Any CPU.ActiveCfg = Release|Any CPU
		{59D0375D-9FB9-41E3-9EF1-550E8D3E7747}.Release|Any CPU.Build.0 = Release|Any CPU
		{653A8BD9-C4D4-4791-B279-1A2838FE3FBA}.Debug|Any CPU.ActiveCfg = Debug|Any CPU
		{653A8BD9-C4D4-4791-B279-1A2838FE3FBA}.Debug|Any CPU.Build.0 = Debug|Any CPU
		{653A8BD9-C4D4-4791-B279-1A2838FE3FBA}.Release|Any CPU.ActiveCfg = Release|Any CPU
		{653A8BD9-C4D4-4791-B279-1A2838FE3FBA}.Release|Any CPU.Build.0 = Release|Any CPU
		{C92234B1-9AA8-43E9-93E3-A94A2749271F}.Debug|Any CPU.ActiveCfg = Debug|Any CPU
		{C92234B1-9AA8-43E9-93E3-A94A2749271F}.Debug|Any CPU.Build.0 = Debug|Any CPU
		{C92234B1-9AA8-43E9-93E3-A94A2749271F}.Release|Any CPU.ActiveCfg = Release|Any CPU
		{C92234B1-9AA8-43E9-93E3-A94A2749271F}.Release|Any CPU.Build.0 = Release|Any CPU
	EndGlobalSection
	GlobalSection(SolutionProperties) = preSolution
		HideSolutionNode = FALSE
	EndGlobalSection
	GlobalSection(ExtensibilityGlobals) = postSolution
		SolutionGuid = {A289E1A5-B848-4514-9C85-17B5627428C2}
	EndGlobalSection
EndGlobal
